
Microsoft Visual Studio Solution File, Format Version 11.00
# Visual Studio 2010
Project("{FAE04EC0-301F-11D3-BF4B-00C04F79EFBC}") = "Assembly-CSharp", "Assembly-CSharp.csproj", "{a7435907-f318-6243-6c44-b4a1bbcda58b}"
EndProject
Project("{FAE04EC0-301F-11D3-BF4B-00C04F79EFBC}") = "Assembly-CSharp-Editor", "Assembly-CSharp-Editor.csproj", "{87a27016-6019-2727-a580-75268c007458}"
EndProject
Global
	GlobalSection(SolutionConfigurationPlatforms) = preSolution
		Debug|Any CPU = Debug|Any CPU
	EndGlobalSection
	GlobalSection(ProjectConfigurationPlatforms) = postSolution
		{a7435907-f318-6243-6c44-b4a1bbcda58b}.Debug|Any CPU.ActiveCfg = Debug|Any CPU
		{a7435907-f318-6243-6c44-b4a1bbcda58b}.Debug|Any CPU.Build.0 = Debug|Any CPU
		{87a27016-6019-2727-a580-75268c007458}.Debug|Any CPU.ActiveCfg = Debug|Any CPU
		{87a27016-6019-2727-a580-75268c007458}.Debug|Any CPU.Build.0 = Debug|Any CPU
	EndGlobalSection
	GlobalSection(SolutionProperties) = preSolution
		HideSolutionNode = FALSE
	EndGlobalSection
EndGlobal
